
Microsoft Visual Studio Solution File, Format Version 12.00
# Visual Studio Version 17
VisualStudioVersion = 17.13.35806.99 d17.13
MinimumVisualStudioVersion = 10.0.40219.1
Project("{FAE04EC0-301F-11D3-BF4B-00C04F79EFBC}") = "ReadonlyStruct", "ReadonlyStruct.csproj", "{F217E6FF-4F63-4DC3-9A68-FAE24B66DF4A}"
EndProject
Global
	GlobalSection(SolutionConfigurationPlatforms) = preSolution
		Debug|Any CPU = Debug|Any CPU
		Release|Any CPU = Release|Any CPU
	EndGlobalSection
	GlobalSection(ProjectConfigurationPlatforms) = postSolution
		{F217E6FF-4F63-4DC3-9A68-FAE24B66DF4A}.Debug|Any CPU.ActiveCfg = Debug|Any CPU
		{F217E6FF-4F63-4DC3-9A68-FAE24B66DF4A}.Debug|Any CPU.Build.0 = Debug|Any CPU
		{F217E6FF-4F63-4DC3-9A68-FAE24B66DF4A}.Release|Any CPU.ActiveCfg = Release|Any CPU
		{F217E6FF-4F63-4DC3-9A68-FAE24B66DF4A}.Release|Any CPU.Build.0 = Release|Any CPU
	EndGlobalSection
	GlobalSection(SolutionProperties) = preSolution
		HideSolutionNode = FALSE
	EndGlobalSection
	GlobalSection(ExtensibilityGlobals) = postSolution
		SolutionGuid = {CC8D25BA-BB06-402A-BED4-EC2F9B4F1F95}
	EndGlobalSection
EndGlobal
